{
  "name": "client",
  "lockfileVersion": 3,
  "requires": true,
  "packages": {
    "": {
      "dependencies": {
        "crispr-prediction-frontend": "file:.."
      }
    },
    "..": {
      "name": "crispr-prediction-frontend",
      "version": "1.0.0",
      "dependencies": {
        "@headlessui/react": "^1.7.17",
        "@heroicons/react": "^2.0.18",
        "@react-oauth/google": "^0.12.1",
        "@testing-library/jest-dom": "^5.17.0",
        "@testing-library/react": "^13.4.0",
        "@testing-library/user-event": "^14.4.3",
        "autoprefixer": "^10.4.15",
        "axios": "^1.5.0",
        "classnames": "^2.3.2",
        "date-fns": "^2.30.0",
        "firebase": "^10.12.2",
        "framer-motion": "^10.16.4",
        "jwt-decode": "^4.0.0",
        "lucide-react": "^0.279.0",
        "postcss": "^8.4.29",
        "react": "^18.2.0",
        "react-dom": "^18.2.0",
        "react-dropzone": "^14.2.3",
        "react-hot-toast": "^2.4.1",
        "react-otp-input": "^3.1.1",
        "react-phone-number-input": "^3.4.12",
        "react-router-dom": "^6.15.0",
        "react-scripts": "5.0.1",
        "react-syntax-highlighter": "^15.5.0",
        "recharts": "^2.8.0",
        "tailwindcss": "^3.3.3"
      },
      "devDependencies": {
        "@react-three/drei": "^9.102.6",
        "@react-three/fiber": "^8.15.19",
        "@react-three/postprocessing": "^2.16.2",
        "@types/react": "^18.2.21",
        "@types/react-dom": "^18.2.7",
        "@types/react-syntax-highlighter": "^15.5.7",
        "howler": "^2.2.4",
        "react-type-animation": "^3.2.0",
        "three": "^0.162.0"
      }
    },
    "node_modules/crispr-prediction-frontend": {
      "resolved": "..",
      "link": true
    }
  }
}
